
Microsoft Visual Studio Solution File, Format Version 12.00
Project("{FAE04EC0-301F-11D3-BF4B-00C04F79EFBC}") = "GrpcService1", "GrpcService1\GrpcService1.csproj", "{BAEB58A5-5DE2-4BD0-B9A2-EAA4146D7425}"
EndProject
Global
	GlobalSection(SolutionConfigurationPlatforms) = preSolution
		Debug|Any CPU = Debug|Any CPU
		Release|Any CPU = Release|Any CPU
	EndGlobalSection
	GlobalSection(ProjectConfigurationPlatforms) = postSolution
		{BAEB58A5-5DE2-4BD0-B9A2-EAA4146D7425}.Debug|Any CPU.ActiveCfg = Debug|Any CPU
		{BAEB58A5-5DE2-4BD0-B9A2-EAA4146D7425}.Debug|Any CPU.Build.0 = Debug|Any CPU
		{BAEB58A5-5DE2-4BD0-B9A2-EAA4146D7425}.Release|Any CPU.ActiveCfg = Release|Any CPU
		{BAEB58A5-5DE2-4BD0-B9A2-EAA4146D7425}.Release|Any CPU.Build.0 = Release|Any CPU
	EndGlobalSection
EndGlobal
